// !$*UTF8*$!
{
	archiveVersion = 1;
	classes = {
	};
	objectVersion = 50;
	objects = {

/* Begin PBXBuildFile section */
		D3BA69F5247DB68F002329D5 /* AppDelegate.swift in Sources */ = {isa = PBXBuildFile; fileRef = D3BA69F4247DB68F002329D5 /* AppDelegate.swift */; };
		D3BA69F7247DB68F002329D5 /* SceneDelegate.swift in Sources */ = {isa = PBXBuildFile; fileRef = D3BA69F6247DB68F002329D5 /* SceneDelegate.swift */; };
		D3BA69F9247DB68F002329D5 /* ContentView.swift in Sources */ = {isa = PBXBuildFile; fileRef = D3BA69F8247DB68F002329D5 /* ContentView.swift */; };
		D3BA69FB247DB691002329D5 /* Assets.xcassets in Resources */ = {isa = PBXBuildFile; fileRef = D3BA69FA247DB691002329D5 /* Assets.xcassets */; };
		D3BA69FE247DB691002329D5 /* Preview Assets.xcassets in Resources */ = {isa = PBXBuildFile; fileRef = D3BA69FD247DB691002329D5 /* Preview Assets.xcassets */; };
		D3BA6A01247DB691002329D5 /* LaunchScreen.storyboard in Resources */ = {isa = PBXBuildFile; fileRef = D3BA69FF247DB691002329D5 /* LaunchScreen.storyboard */; };
		D3BA6A0A247DBEC3002329D5 /* drinks.json in Resources */ = {isa = PBXBuildFile; fileRef = D3BA6A09247DBEC3002329D5 /* drinks.json */; };
		D3BA6A0C247DC116002329D5 /* Data.swift in Sources */ = {isa = PBXBuildFile; fileRef = D3BA6A0B247DC116002329D5 /* Data.swift */; };
		D3BA6A0E247DC21C002329D5 /* Drink.swift in Sources */ = {isa = PBXBuildFile; fileRef = D3BA6A0D247DC21C002329D5 /* Drink.swift */; };
/* End PBXBuildFile section */

/* Begin PBXFileReference section */
		D3BA69F1247DB68F002329D5 /* Moonbucks.app */ = {isa = PBXFileReference; explicitFileType = wrapper.application; includeInIndex = 0; path = Moonbucks.app; sourceTree = BUILT_PRODUCTS_DIR; };
		D3BA69F4247DB68F002329D5 /* AppDelegate.swift */ = {isa = PBXFileReference; lastKnownFileType = sourcecode.swift; path = AppDelegate.swift; sourceTree = "<group>"; };
		D3BA69F6247DB68F002329D5 /* SceneDelegate.swift */ = {isa = PBXFileReference; lastKnownFileType = sourcecode.swift; path = SceneDelegate.swift; sourceTree = "<group>"; };
		D3BA69F8247DB68F002329D5 /* ContentView.swift */ = {isa = PBXFileReference; lastKnownFileType = sourcecode.swift; path = ContentView.swift; sourceTree = "<group>"; };
		D3BA69FA247DB691002329D5 /* Assets.xcassets */ = {isa = PBXFileReference; lastKnownFileType = folder.assetcatalog; path = Assets.xcassets; sourceTree = "<group>"; };
		D3BA69FD247DB691002329D5 /* Preview Assets.xcassets */ = {isa = PBXFileReference; lastKnownFileType = folder.assetcatalog; path = "Preview Assets.xcassets"; sourceTree = "<group>"; };
		D3BA6A00247DB691002329D5 /* Base */ = {isa = PBXFileReference; lastKnownFileType = file.storyboard; name = Base; path = Base.lproj/LaunchScreen.storyboard; sourceTree = "<group>"; };
		D3BA6A02247DB691002329D5 /* Info.plist */ = {isa = PBXFileReference; lastKnownFileType = text.plist.xml; path = Info.plist; sourceTree = "<group>"; };
		D3BA6A09247DBEC3002329D5 /* drinks.json */ = {isa = PBXFileReference; fileEncoding = 4; lastKnownFileType = text.json; path = drinks.json; sourceTree = "<group>"; };
		D3BA6A0B247DC116002329D5 /* Data.swift */ = {isa = PBXFileReference; lastKnownFileType = sourcecode.swift; path = Data.swift; sourceTree = "<group>"; };
		D3BA6A0D247DC21C002329D5 /* Drink.swift */ = {isa = PBXFileReference; lastKnownFileType = sourcecode.swift; path = Drink.swift; sourceTree = "<group>"; };
/* End PBXFileReference section */

/* Begin PBXFrameworksBuildPhase section */
		D3BA69EE247DB68F002329D5 /* Frameworks */ = {
			isa = PBXFrameworksBuildPhase;
			buildActionMask = 2147483647;
			files = (
			);
			runOnlyForDeploymentPostprocessing = 0;
		};
/* End PBXFrameworksBuildPhase section */

/* Begin PBXGroup section */
		D3BA69E8247DB68F002329D5 = {
			isa = PBXGroup;
			children = (
				D3BA69F3247DB68F002329D5 /* Moonbucks */,
				D3BA69F2247DB68F002329D5 /* Products */,
			);
			sourceTree = "<group>";
		};
		D3BA69F2247DB68F002329D5 /* Products */ = {
			isa = PBXGroup;
			children = (
				D3BA69F1247DB68F002329D5 /* Moonbucks.app */,
			);
			name = Products;
			sourceTree = "<group>";
		};
		D3BA69F3247DB68F002329D5 /* Moonbucks */ = {
			isa = PBXGroup;
			children = (
				D3BA69F4247DB68F002329D5 /* AppDelegate.swift */,
				D3BA69F6247DB68F002329D5 /* SceneDelegate.swift */,
				D3BA69F8247DB68F002329D5 /* ContentView.swift */,
				D3BA6A0B247DC116002329D5 /* Data.swift */,
				D3BA6A0D247DC21C002329D5 /* Drink.swift */,
				D3BA69FA247DB691002329D5 /* Assets.xcassets */,
				D3BA69FF247DB691002329D5 /* LaunchScreen.storyboard */,
				D3BA6A02247DB691002329D5 /* Info.plist */,
				D3BA6A09247DBEC3002329D5 /* drinks.json */,
				D3BA69FC247DB691002329D5 /* Preview Content */,
			);
			path = Moonbucks;
			sourceTree = "<group>";
		};
		D3BA69FC247DB691002329D5 /* Preview Content */ = {
			isa = PBXGroup;
			children = (
				D3BA69FD247DB691002329D5 /* Preview Assets.xcassets */,
			);
			path = "Preview Content";
			sourceTree = "<group>";
		};
/* End PBXGroup section */

/* Begin PBXNativeTarget section */
		D3BA69F0247DB68F002329D5 /* Moonbucks */ = {
			isa = PBXNativeTarget;
			buildConfigurationList = D3BA6A05247DB691002329D5 /* Build configuration list for PBXNativeTarget "Moonbucks" */;
			buildPhases = (
				D3BA69ED247DB68F002329D5 /* Sources */,
				D3BA69EE247DB68F002329D5 /* Frameworks */,
				D3BA69EF247DB68F002329D5 /* Resources */,
			);
			buildRules = (
			);
			dependencies = (
			);
			name = Moonbucks;
			productName = Moonbucks;
			productReference = D3BA69F1247DB68F002329D5 /* Moonbucks.app */;
			productType = "com.apple.product-type.application";
		};
/* End PBXNativeTarget section */

/* Begin PBXProject section */
		D3BA69E9247DB68F002329D5 /* Project object */ = {
			isa = PBXProject;
			attributes = {
				LastSwiftUpdateCheck = 1150;
				LastUpgradeCheck = 1150;
				ORGANIZATIONNAME = "Tissiana Alves";
				TargetAttributes = {
					D3BA69F0247DB68F002329D5 = {
						CreatedOnToolsVersion = 11.5;
					};
				};
			};
			buildConfigurationList = D3BA69EC247DB68F002329D5 /* Build configuration list for PBXProject "Moonbucks" */;
			compatibilityVersion = "Xcode 9.3";
			developmentRegion = en;
			hasScannedForEncodings = 0;
			knownRegions = (
				en,
				Base,
			);
			mainGroup = D3BA69E8247DB68F002329D5;
			productRefGroup = D3BA69F2247DB68F002329D5 /* Products */;
			projectDirPath = "";
			projectRoot = "";
			targets = (
				D3BA69F0247DB68F002329D5 /* Moonbucks */,
			);
		};
/* End PBXProject section */

/* Begin PBXResourcesBuildPhase section */
		D3BA69EF247DB68F002329D5 /* Resources */ = {
			isa = PBXResourcesBuildPhase;
			buildActionMask = 2147483647;
			files = (
				D3BA6A01247DB691002329D5 /* LaunchScreen.storyboard in Resources */,
				D3BA69FE247DB691002329D5 /* Preview Assets.xcassets in Resources */,
				D3BA6A0A247DBEC3002329D5 /* drinks.json in Resources */,
				D3BA69FB247DB691002329D5 /* Assets.xcassets in Resources */,
			);
			runOnlyForDeploymentPostprocessing = 0;
		};
/* End PBXResourcesBuildPhase section */

/* Begin PBXSourcesBuildPhase section */
		D3BA69ED247DB68F002329D5 /* Sources */ = {
			isa = PBXSourcesBuildPhase;
			buildActionMask = 2147483647;
			files = (
				D3BA69F5247DB68F002329D5 /* AppDelegate.swift in Sources */,
				D3BA69F7247DB68F002329D5 /* SceneDelegate.swift in Sources */,
				D3BA69F9247DB68F002329D5 /* ContentView.swift in Sources */,
				D3BA6A0E247DC21C002329D5 /* Drink.swift in Sources */,
				D3BA6A0C247DC116002329D5 /* Data.swift in Sources */,
			);
			runOnlyForDeploymentPostprocessing = 0;
		};
/* End PBXSourcesBuildPhase section */

/* Begin PBXVariantGroup section */
		D3BA69FF247DB691002329D5 /* LaunchScreen.storyboard */ = {
			isa = PBXVariantGroup;
			children = (
				D3BA6A00247DB691002329D5 /* Base */,
			);
			name = LaunchScreen.storyboard;
			sourceTree = "<group>";
		};
/* End PBXVariantGroup section */

/* Begin XCBuildConfiguration section */
		D3BA6A03247DB691002329D5 /* Debug */ = {
			isa = XCBuildConfiguration;
			buildSettings = {
				ALWAYS_SEARCH_USER_PATHS = NO;
				CLANG_ANALYZER_NONNULL = YES;
				CLANG_ANALYZER_NUMBER_OBJECT_CONVERSION = YES_AGGRESSIVE;
				CLANG_CXX_LANGUAGE_STANDARD = "gnu++14";
				CLANG_CXX_LIBRARY = "libc++";
				CLANG_ENABLE_MODULES = YES;
				CLANG_ENABLE_OBJC_ARC = YES;
				CLANG_ENABLE_OBJC_WEAK = YES;
				CLANG_WARN_BLOCK_CAPTURE_AUTORELEASING = YES;
				CLANG_WARN_BOOL_CONVERSION = YES;
				CLANG_WARN_COMMA = YES;
				CLANG_WARN_CONSTANT_CONVERSION = YES;
				CLANG_WARN_DEPRECATED_OBJC_IMPLEMENTATIONS = YES;
				CLANG_WARN_DIRECT_OBJC_ISA_USAGE = YES_ERROR;
				CLANG_WARN_DOCUMENTATION_COMMENTS = YES;
				CLANG_WARN_EMPTY_BODY = YES;
				CLANG_WARN_ENUM_CONVERSION = YES;
				CLANG_WARN_INFINITE_RECURSION = YES;
				CLANG_WARN_INT_CONVERSION = YES;
				CLANG_WARN_NON_LITERAL_NULL_CONVERSION = YES;
				CLANG_WARN_OBJC_IMPLICIT_RETAIN_SELF = YES;
				CLANG_WARN_OBJC_LITERAL_CONVERSION = YES;
				CLANG_WARN_OBJC_ROOT_CLASS = YES_ERROR;
				CLANG_WARN_RANGE_LOOP_ANALYSIS = YES;
				CLANG_WARN_STRICT_PROTOTYPES = YES;
				CLANG_WARN_SUSPICIOUS_MOVE = YES;
				CLANG_WARN_UNGUARDED_AVAILABILITY = YES_AGGRESSIVE;
				CLANG_WARN_UNREACHABLE_CODE = YES;
				CLANG_WARN__DUPLICATE_METHOD_MATCH = YES;
				COPY_PHASE_STRIP = NO;
				DEBUG_INFORMATION_FORMAT = dwarf;
				ENABLE_STRICT_OBJC_MSGSEND = YES;
				ENABLE_TESTABILITY = YES;
				GCC_C_LANGUAGE_STANDARD = gnu11;
				GCC_DYNAMIC_NO_PIC = NO;
				GCC_NO_COMMON_BLOCKS = YES;
				GCC_OPTIMIZATION_LEVEL = 0;
				GCC_PREPROCESSOR_DEFINITIONS = (
					"DEBUG=1",
					"$(inherited)",
				);
				GCC_WARN_64_TO_32_BIT_CONVERSION = YES;
				GCC_WARN_ABOUT_RETURN_TYPE = YES_ERROR;
				GCC_WARN_UNDECLARED_SELECTOR = YES;
				GCC_WARN_UNINITIALIZED_AUTOS = YES_AGGRESSIVE;
				GCC_WARN_UNUSED_FUNCTION = YES;
				GCC_WARN_UNUSED_VARIABLE = YES;
				IPHONEOS_DEPLOYMENT_TARGET = 13.5;
				MTL_ENABLE_DEBUG_INFO = INCLUDE_SOURCE;
				MTL_FAST_MATH = YES;
				ONLY_ACTIVE_ARCH = YES;
				SDKROOT = iphoneos;
				SWIFT_ACTIVE_COMPILATION_CONDITIONS = DEBUG;
				SWIFT_OPTIMIZATION_LEVEL = "-Onone";
			};
			name = Debug;
		};
		D3BA6A04247DB691002329D5 /* Release */ = {
			isa = XCBuildConfiguration;
			buildSettings = {
				ALWAYS_SEARCH_USER_PATHS = NO;
				CLANG_ANALYZER_NONNULL = YES;
				CLANG_ANALYZER_NUMBER_OBJECT_CONVERSION = YES_AGGRESSIVE;
				CLANG_CXX_LANGUAGE_STANDARD = "gnu++14";
				CLANG_CXX_LIBRARY = "libc++";
				CLANG_ENABLE_MODULES = YES;
				CLANG_ENABLE_OBJC_ARC = YES;
				CLANG_ENABLE_OBJC_WEAK = YES;
				CLANG_WARN_BLOCK_CAPTURE_AUTORELEASING = YES;
				CLANG_WARN_BOOL_CONVERSION = YES;
				CLANG_WARN_COMMA = YES;
				CLANG_WARN_CONSTANT_CONVERSION = YES;
				CLANG_WARN_DEPRECATED_OBJC_IMPLEMENTATIONS = YES;
				CLANG_WARN_DIRECT_OBJC_ISA_USAGE = YES_ERROR;
				CLANG_WARN_DOCUMENTATION_COMMENTS = YES;
				CLANG_WARN_EMPTY_BODY = YES;
				CLANG_WARN_ENUM_CONVERSION = YES;
				CLANG_WARN_INFINITE_RECURSION = YES;
				CLANG_WARN_INT_CONVERSION = YES;
				CLANG_WARN_NON_LITERAL_NULL_CONVERSION = YES;
				CLANG_WARN_OBJC_IMPLICIT_RETAIN_SELF = YES;
				CLANG_WARN_OBJC_LITERAL_CONVERSION = YES;
				CLANG_WARN_OBJC_ROOT_CLASS = YES_ERROR;
				CLANG_WARN_RANGE_LOOP_ANALYSIS = YES;
				CLANG_WARN_STRICT_PROTOTYPES = YES;
				CLANG_WARN_SUSPICIOUS_MOVE = YES;
				CLANG_WARN_UNGUARDED_AVAILABILITY = YES_AGGRESSIVE;
				CLANG_WARN_UNREACHABLE_CODE = YES;
				CLANG_WARN__DUPLICATE_METHOD_MATCH = YES;
				COPY_PHASE_STRIP = NO;
				DEBUG_INFORMATION_FORMAT = "dwarf-with-dsym";
				ENABLE_NS_ASSERTIONS = NO;
				ENABLE_STRICT_OBJC_MSGSEND = YES;
				GCC_C_LANGUAGE_STANDARD = gnu11;
				GCC_NO_COMMON_BLOCKS = YES;
				GCC_WARN_64_TO_32_BIT_CONVERSION = YES;
				GCC_WARN_ABOUT_RETURN_TYPE = YES_ERROR;
				GCC_WARN_UNDECLARED_SELECTOR = YES;
				GCC_WARN_UNINITIALIZED_AUTOS = YES_AGGRESSIVE;
				GCC_WARN_UNUSED_FUNCTION = YES;
				GCC_WARN_UNUSED_VARIABLE = YES;
				IPHONEOS_DEPLOYMENT_TARGET = 13.5;
				MTL_ENABLE_DEBUG_INFO = NO;
				MTL_FAST_MATH = YES;
				SDKROOT = iphoneos;
				SWIFT_COMPILATION_MODE = wholemodule;
				SWIFT_OPTIMIZATION_LEVEL = "-O";
				VALIDATE_PRODUCT = YES;
			};
			name = Release;
		};
		D3BA6A06247DB691002329D5 /* Debug */ = {
			isa = XCBuildConfiguration;
			buildSettings = {
				ASSETCATALOG_COMPILER_APPICON_NAME = AppIcon;
				CODE_SIGN_STYLE = Automatic;
				DEVELOPMENT_ASSET_PATHS = "\"Moonbucks/Preview Content\"";
				DEVELOPMENT_TEAM = V49P55KSJH;
				ENABLE_PREVIEWS = YES;
				INFOPLIST_FILE = Moonbucks/Info.plist;
				LD_RUNPATH_SEARCH_PATHS = (
					"$(inherited)",
					"@executable_path/Frameworks",
				);
				PRODUCT_BUNDLE_IDENTIFIER = com.tissianaalves.Moonbucks;
				PRODUCT_NAME = "$(TARGET_NAME)";
				SWIFT_VERSION = 5.0;
				TARGETED_DEVICE_FAMILY = "1,2";
			};
			name = Debug;
		};
		D3BA6A07247DB691002329D5 /* Release */ = {
			isa = XCBuildConfiguration;
			buildSettings = {
				ASSETCATALOG_COMPILER_APPICON_NAME = AppIcon;
				CODE_SIGN_STYLE = Automatic;
				DEVELOPMENT_ASSET_PATHS = "\"Moonbucks/Preview Content\"";
				DEVELOPMENT_TEAM = V49P55KSJH;
				ENABLE_PREVIEWS = YES;
				INFOPLIST_FILE = Moonbucks/Info.plist;
				LD_RUNPATH_SEARCH_PATHS = (
					"$(inherited)",
					"@executable_path/Frameworks",
				);
				PRODUCT_BUNDLE_IDENTIFIER = com.tissianaalves.Moonbucks;
				PRODUCT_NAME = "$(TARGET_NAME)";
				SWIFT_VERSION = 5.0;
				TARGETED_DEVICE_FAMILY = "1,2";
			};
			name = Release;
		};
/* End XCBuildConfiguration section */

/* Begin XCConfigurationList section */
		D3BA69EC247DB68F002329D5 /* Build configuration list for PBXProject "Moonbucks" */ = {
			isa = XCConfigurationList;
			buildConfigurations = (
				D3BA6A03247DB691002329D5 /* Debug */,
				D3BA6A04247DB691002329D5 /* Release */,
			);
			defaultConfigurationIsVisible = 0;
			defaultConfigurationName = Release;
		};
		D3BA6A05247DB691002329D5 /* Build configuration list for PBXNativeTarget "Moonbucks" */ = {
			isa = XCConfigurationList;
			buildConfigurations = (
				D3BA6A06247DB691002329D5 /* Debug */,
				D3BA6A07247DB691002329D5 /* Release */,
			);
			defaultConfigurationIsVisible = 0;
			defaultConfigurationName = Release;
		};
/* End XCConfigurationList section */
	};
	rootObject = D3BA69E9247DB68F002329D5 /* Project object */;
}
